
Microsoft Visual Studio Solution File, Format Version 12.00
# Visual Studio 14
VisualStudioVersion = 14.0.25420.1
MinimumVisualStudioVersion = 10.0.40219.1
Project("{2150E333-8FDC-42A3-9474-1A3956D46DE8}") = "Tests", "Tests", "{0D80F141-D37F-4354-959F-15C3AF0FF701}"
EndProject
Project("{2150E333-8FDC-42A3-9474-1A3956D46DE8}") = ".nuget", ".nuget", "{A667E5E2-B090-4BD4-8181-99C7846AFD07}"
	ProjectSection(SolutionItems) = preProject
		.nuget\NuGet.Config = .nuget\NuGet.Config
		.nuget\NuGet.exe = .nuget\NuGet.exe
		.nuget\NuGet.targets = .nuget\NuGet.targets
	EndProjectSection
EndProject
Project("{FAE04EC0-301F-11D3-BF4B-00C04F79EFBC}") = "IntegrityTest", "Test\IntegrityTest\IntegrityTest.csproj", "{492263E1-7372-47C4-BD57-14A70BB028F0}"
EndProject
Project("{FAE04EC0-301F-11D3-BF4B-00C04F79EFBC}") = "MethodLevelTest", "Test\MethodLevelTest\MethodLevelTest.csproj", "{77928F8C-A708-4C49-B6E2-772256E75E4D}"
	ProjectSection(ProjectDependencies) = postProject
		{2CCCBE1D-9CC5-40A9-A816-484F98B10774} = {2CCCBE1D-9CC5-40A9-A816-484F98B10774}
	EndProjectSection
EndProject
Project("{F184B08F-C81C-45F6-A57F-5ABD9991F28F}") = "VBMethodLevelTest", "Test\VBMethodLevelTest\VBMethodLevelTest.vbproj", "{27F8E96F-59E0-4980-9790-F436C9532BA0}"
	ProjectSection(ProjectDependencies) = postProject
		{2CCCBE1D-9CC5-40A9-A816-484F98B10774} = {2CCCBE1D-9CC5-40A9-A816-484F98B10774}
	EndProjectSection
EndProject
Project("{2150E333-8FDC-42A3-9474-1A3956D46DE8}") = "Resources", "Resources", "{2585663B-1557-4E4C-A020-19FF5FE94D4F}"
	ProjectSection(SolutionItems) = preProject
		.gitattributes = .gitattributes
		.gitignore = .gitignore
		appveyor.yml = appveyor.yml
		README.md = README.md
	EndProjectSection
EndProject
Project("{2150E333-8FDC-42A3-9474-1A3956D46DE8}") = "Icon", "Icon", "{C24CF080-EAAE-4F62-9A1B-E6F03421FB0C}"
	ProjectSection(SolutionItems) = preProject
		Icon\MrAdvice.ai = Icon\MrAdvice.ai
		Icon\MrAdvice.png = Icon\MrAdvice.png
	EndProjectSection
EndProject
Project("{FAE04EC0-301F-11D3-BF4B-00C04F79EFBC}") = "MrAdvice.Weaver", "MrAdvice.Weaver\MrAdvice.Weaver.csproj", "{2CCCBE1D-9CC5-40A9-A816-484F98B10774}"
	ProjectSection(ProjectDependencies) = postProject
		{E01DD569-32A6-46F7-8FB8-C5FF4378369E} = {E01DD569-32A6-46F7-8FB8-C5FF4378369E}
		{C61ED77D-01B3-478A-9161-9EE20191EBFE} = {C61ED77D-01B3-478A-9161-9EE20191EBFE}
		{D14F6AB2-9420-44EF-9DCD-4DBA104742DB} = {D14F6AB2-9420-44EF-9DCD-4DBA104742DB}
	EndProjectSection
EndProject
Project("{2150E333-8FDC-42A3-9474-1A3956D46DE8}") = "Tools", "Tools", "{F3046528-416E-49F1-8FC5-72E442B64DAE}"
	ProjectSection(SolutionItems) = preProject
		.gitattributes = .gitattributes
		.gitignore = .gitignore
		appveyor.yml = appveyor.yml
		Tools\peverify.bat = Tools\peverify.bat
	EndProjectSection
EndProject
Project("{FAE04EC0-301F-11D3-BF4B-00C04F79EFBC}") = "ExternalAdvices", "Test\ExternalAdvices\ExternalAdvices.csproj", "{C99CF600-A5DB-4CF2-B16E-7688C8CEAE3D}"
EndProject
Project("{FAE04EC0-301F-11D3-BF4B-00C04F79EFBC}") = "ExternalAdviceTest", "Test\ExternalAdviceTest\ExternalAdviceTest.csproj", "{B9F3D5B6-8FF9-491B-8CE3-BD014885BBA9}"
	ProjectSection(ProjectDependencies) = postProject
		{2CCCBE1D-9CC5-40A9-A816-484F98B10774} = {2CCCBE1D-9CC5-40A9-A816-484F98B10774}
	EndProjectSection
EndProject
Project("{FAE04EC0-301F-11D3-BF4B-00C04F79EFBC}") = "AssemblyLevelTest", "Test\AssemblyLevelTest\AssemblyLevelTest.csproj", "{8B8EB6C4-78BC-442D-86B1-3E8E09DCF21F}"
	ProjectSection(ProjectDependencies) = postProject
		{2CCCBE1D-9CC5-40A9-A816-484F98B10774} = {2CCCBE1D-9CC5-40A9-A816-484F98B10774}
	EndProjectSection
EndProject
Project("{FAE04EC0-301F-11D3-BF4B-00C04F79EFBC}") = "UwpTest", "Test\UwpTest\UwpTest.csproj", "{B8380D73-626A-42F1-AA73-741540F57F02}"
	ProjectSection(ProjectDependencies) = postProject
		{2CCCBE1D-9CC5-40A9-A816-484F98B10774} = {2CCCBE1D-9CC5-40A9-A816-484F98B10774}
	EndProjectSection
EndProject
Project("{FAE04EC0-301F-11D3-BF4B-00C04F79EFBC}") = "TestApplication", "Test\TestApplication\TestApplication.csproj", "{491EF845-625A-4535-932C-BC2B8B15FC94}"
EndProject
Project("{D954291E-2A0B-460D-934E-DC6B0785DB48}") = "MrAdvice", "MrAdvice\MrAdvice.shproj", "{E62B50B0-4A7D-4173-9AB8-9CFD5F4DD7C3}"
EndProject
Project("{FAE04EC0-301F-11D3-BF4B-00C04F79EFBC}") = "MrAdvice.Net40", "MrAdvice.Net40\MrAdvice.Net40.csproj", "{D8AA6017-594D-4616-907B-B450A5D2FCB9}"
	ProjectSection(ProjectDependencies) = postProject
		{E01DD569-32A6-46F7-8FB8-C5FF4378369E} = {E01DD569-32A6-46F7-8FB8-C5FF4378369E}
	EndProjectSection
EndProject
Project("{FAE04EC0-301F-11D3-BF4B-00C04F79EFBC}") = "MrAdvice.Uwp10", "MrAdvice.Uwp10\MrAdvice.Uwp10.csproj", "{D14F6AB2-9420-44EF-9DCD-4DBA104742DB}"
	ProjectSection(ProjectDependencies) = postProject
		{E01DD569-32A6-46F7-8FB8-C5FF4378369E} = {E01DD569-32A6-46F7-8FB8-C5FF4378369E}
	EndProjectSection
EndProject
Project("{FAE04EC0-301F-11D3-BF4B-00C04F79EFBC}") = "MrAdvice.Silverlight5", "MrAdvice.Silverlight5\MrAdvice.Silverlight5.csproj", "{C61ED77D-01B3-478A-9161-9EE20191EBFE}"
	ProjectSection(ProjectDependencies) = postProject
		{E01DD569-32A6-46F7-8FB8-C5FF4378369E} = {E01DD569-32A6-46F7-8FB8-C5FF4378369E}
	EndProjectSection
EndProject
Project("{FAE04EC0-301F-11D3-BF4B-00C04F79EFBC}") = "MrAdvice.NetStandard", "MrAdvice.NetStandard\MrAdvice.NetStandard.csproj", "{E01DD569-32A6-46F7-8FB8-C5FF4378369E}"
EndProject
Project("{FAE04EC0-301F-11D3-BF4B-00C04F79EFBC}") = "WpfTest", "Test\WpfTest\WpfTest.csproj", "{6EC087B5-B17C-45A7-BF50-3F936B210A41}"
	ProjectSection(ProjectDependencies) = postProject
		{2CCCBE1D-9CC5-40A9-A816-484F98B10774} = {2CCCBE1D-9CC5-40A9-A816-484F98B10774}
	EndProjectSection
EndProject
Global
	GlobalSection(SharedMSBuildProjectFiles) = preSolution
		MrAdvice\MrAdvice.projitems*{c61ed77d-01b3-478a-9161-9ee20191ebfe}*SharedItemsImports = 4
		MrAdvice\MrAdvice.projitems*{d14f6ab2-9420-44ef-9dcd-4dba104742db}*SharedItemsImports = 4
		MrAdvice\MrAdvice.projitems*{d8aa6017-594d-4616-907b-b450a5d2fcb9}*SharedItemsImports = 4
		MrAdvice\MrAdvice.projitems*{e01dd569-32a6-46f7-8fb8-c5ff4378369e}*SharedItemsImports = 4
		MrAdvice\MrAdvice.projitems*{e62b50b0-4a7d-4173-9ab8-9cfd5f4dd7c3}*SharedItemsImports = 13
	EndGlobalSection
	GlobalSection(SolutionConfigurationPlatforms) = preSolution
		Debug|Any CPU = Debug|Any CPU
		Debug|ARM = Debug|ARM
		Debug|x64 = Debug|x64
		Debug|x86 = Debug|x86
		Release|Any CPU = Release|Any CPU
		Release|ARM = Release|ARM
		Release|x64 = Release|x64
		Release|x86 = Release|x86
	EndGlobalSection
	GlobalSection(ProjectConfigurationPlatforms) = postSolution
		{492263E1-7372-47C4-BD57-14A70BB028F0}.Debug|Any CPU.ActiveCfg = Debug|Any CPU
		{492263E1-7372-47C4-BD57-14A70BB028F0}.Debug|Any CPU.Build.0 = Debug|Any CPU
		{492263E1-7372-47C4-BD57-14A70BB028F0}.Debug|ARM.ActiveCfg = Debug|Any CPU
		{492263E1-7372-47C4-BD57-14A70BB028F0}.Debug|ARM.Build.0 = Debug|Any CPU
		{492263E1-7372-47C4-BD57-14A70BB028F0}.Debug|x64.ActiveCfg = Debug|Any CPU
		{492263E1-7372-47C4-BD57-14A70BB028F0}.Debug|x64.Build.0 = Debug|Any CPU
		{492263E1-7372-47C4-BD57-14A70BB028F0}.Debug|x86.ActiveCfg = Debug|Any CPU
		{492263E1-7372-47C4-BD57-14A70BB028F0}.Debug|x86.Build.0 = Debug|Any CPU
		{492263E1-7372-47C4-BD57-14A70BB028F0}.Release|Any CPU.ActiveCfg = Release|Any CPU
		{492263E1-7372-47C4-BD57-14A70BB028F0}.Release|Any CPU.Build.0 = Release|Any CPU
		{492263E1-7372-47C4-BD57-14A70BB028F0}.Release|ARM.ActiveCfg = Release|Any CPU
		{492263E1-7372-47C4-BD57-14A70BB028F0}.Release|ARM.Build.0 = Release|Any CPU
		{492263E1-7372-47C4-BD57-14A70BB028F0}.Release|x64.ActiveCfg = Release|Any CPU
		{492263E1-7372-47C4-BD57-14A70BB028F0}.Release|x64.Build.0 = Release|Any CPU
		{492263E1-7372-47C4-BD57-14A70BB028F0}.Release|x86.ActiveCfg = Release|Any CPU
		{492263E1-7372-47C4-BD57-14A70BB028F0}.Release|x86.Build.0 = Release|Any CPU
		{77928F8C-A708-4C49-B6E2-772256E75E4D}.Debug|Any CPU.ActiveCfg = Debug|Any CPU
		{77928F8C-A708-4C49-B6E2-772256E75E4D}.Debug|Any CPU.Build.0 = Debug|Any CPU
		{77928F8C-A708-4C49-B6E2-772256E75E4D}.Debug|ARM.ActiveCfg = Debug|Any CPU
		{77928F8C-A708-4C49-B6E2-772256E75E4D}.Debug|ARM.Build.0 = Debug|Any CPU
		{77928F8C-A708-4C49-B6E2-772256E75E4D}.Debug|x64.ActiveCfg = Debug|Any CPU
		{77928F8C-A708-4C49-B6E2-772256E75E4D}.Debug|x64.Build.0 = Debug|Any CPU
		{77928F8C-A708-4C49-B6E2-772256E75E4D}.Debug|x86.ActiveCfg = Debug|Any CPU
		{77928F8C-A708-4C49-B6E2-772256E75E4D}.Debug|x86.Build.0 = Debug|Any CPU
		{77928F8C-A708-4C49-B6E2-772256E75E4D}.Release|Any CPU.ActiveCfg = Release|Any CPU
		{77928F8C-A708-4C49-B6E2-772256E75E4D}.Release|Any CPU.Build.0 = Release|Any CPU
		{77928F8C-A708-4C49-B6E2-772256E75E4D}.Release|ARM.ActiveCfg = Release|Any CPU
		{77928F8C-A708-4C49-B6E2-772256E75E4D}.Release|ARM.Build.0 = Release|Any CPU
		{77928F8C-A708-4C49-B6E2-772256E75E4D}.Release|x64.ActiveCfg = Release|Any CPU
		{77928F8C-A708-4C49-B6E2-772256E75E4D}.Release|x64.Build.0 = Release|Any CPU
		{77928F8C-A708-4C49-B6E2-772256E75E4D}.Release|x86.ActiveCfg = Release|Any CPU
		{77928F8C-A708-4C49-B6E2-772256E75E4D}.Release|x86.Build.0 = Release|Any CPU
		{27F8E96F-59E0-4980-9790-F436C9532BA0}.Debug|Any CPU.ActiveCfg = Debug|Any CPU
		{27F8E96F-59E0-4980-9790-F436C9532BA0}.Debug|Any CPU.Build.0 = Debug|Any CPU
		{27F8E96F-59E0-4980-9790-F436C9532BA0}.Debug|ARM.ActiveCfg = Debug|Any CPU
		{27F8E96F-59E0-4980-9790-F436C9532BA0}.Debug|ARM.Build.0 = Debug|Any CPU
		{27F8E96F-59E0-4980-9790-F436C9532BA0}.Debug|x64.ActiveCfg = Debug|Any CPU
		{27F8E96F-59E0-4980-9790-F436C9532BA0}.Debug|x64.Build.0 = Debug|Any CPU
		{27F8E96F-59E0-4980-9790-F436C9532BA0}.Debug|x86.ActiveCfg = Debug|Any CPU
		{27F8E96F-59E0-4980-9790-F436C9532BA0}.Debug|x86.Build.0 = Debug|Any CPU
		{27F8E96F-59E0-4980-9790-F436C9532BA0}.Release|Any CPU.ActiveCfg = Release|Any CPU
		{27F8E96F-59E0-4980-9790-F436C9532BA0}.Release|Any CPU.Build.0 = Release|Any CPU
		{27F8E96F-59E0-4980-9790-F436C9532BA0}.Release|ARM.ActiveCfg = Release|Any CPU
		{27F8E96F-59E0-4980-9790-F436C9532BA0}.Release|ARM.Build.0 = Release|Any CPU
		{27F8E96F-59E0-4980-9790-F436C9532BA0}.Release|x64.ActiveCfg = Release|Any CPU
		{27F8E96F-59E0-4980-9790-F436C9532BA0}.Release|x64.Build.0 = Release|Any CPU
		{27F8E96F-59E0-4980-9790-F436C9532BA0}.Release|x86.ActiveCfg = Release|Any CPU
		{27F8E96F-59E0-4980-9790-F436C9532BA0}.Release|x86.Build.0 = Release|Any CPU
		{2CCCBE1D-9CC5-40A9-A816-484F98B10774}.Debug|Any CPU.ActiveCfg = Debug|Any CPU
		{2CCCBE1D-9CC5-40A9-A816-484F98B10774}.Debug|Any CPU.Build.0 = Debug|Any CPU
		{2CCCBE1D-9CC5-40A9-A816-484F98B10774}.Debug|ARM.ActiveCfg = Debug|Any CPU
		{2CCCBE1D-9CC5-40A9-A816-484F98B10774}.Debug|ARM.Build.0 = Debug|Any CPU
		{2CCCBE1D-9CC5-40A9-A816-484F98B10774}.Debug|x64.ActiveCfg = Debug|Any CPU
		{2CCCBE1D-9CC5-40A9-A816-484F98B10774}.Debug|x64.Build.0 = Debug|Any CPU
		{2CCCBE1D-9CC5-40A9-A816-484F98B10774}.Debug|x86.ActiveCfg = Debug|Any CPU
		{2CCCBE1D-9CC5-40A9-A816-484F98B10774}.Debug|x86.Build.0 = Debug|Any CPU
		{2CCCBE1D-9CC5-40A9-A816-484F98B10774}.Release|Any CPU.ActiveCfg = Release|Any CPU
		{2CCCBE1D-9CC5-40A9-A816-484F98B10774}.Release|Any CPU.Build.0 = Release|Any CPU
		{2CCCBE1D-9CC5-40A9-A816-484F98B10774}.Release|ARM.ActiveCfg = Release|Any CPU
		{2CCCBE1D-9CC5-40A9-A816-484F98B10774}.Release|ARM.Build.0 = Release|Any CPU
		{2CCCBE1D-9CC5-40A9-A816-484F98B10774}.Release|x64.ActiveCfg = Release|Any CPU
		{2CCCBE1D-9CC5-40A9-A816-484F98B10774}.Release|x64.Build.0 = Release|Any CPU
		{2CCCBE1D-9CC5-40A9-A816-484F98B10774}.Release|x86.ActiveCfg = Release|Any CPU
		{2CCCBE1D-9CC5-40A9-A816-484F98B10774}.Release|x86.Build.0 = Release|Any CPU
		{C99CF600-A5DB-4CF2-B16E-7688C8CEAE3D}.Debug|Any CPU.ActiveCfg = Debug|Any CPU
		{C99CF600-A5DB-4CF2-B16E-7688C8CEAE3D}.Debug|Any CPU.Build.0 = Debug|Any CPU
		{C99CF600-A5DB-4CF2-B16E-7688C8CEAE3D}.Debug|ARM.ActiveCfg = Debug|Any CPU
		{C99CF600-A5DB-4CF2-B16E-7688C8CEAE3D}.Debug|ARM.Build.0 = Debug|Any CPU
		{C99CF600-A5DB-4CF2-B16E-7688C8CEAE3D}.Debug|x64.ActiveCfg = Debug|Any CPU
		{C99CF600-A5DB-4CF2-B16E-7688C8CEAE3D}.Debug|x64.Build.0 = Debug|Any CPU
		{C99CF600-A5DB-4CF2-B16E-7688C8CEAE3D}.Debug|x86.ActiveCfg = Debug|Any CPU
		{C99CF600-A5DB-4CF2-B16E-7688C8CEAE3D}.Debug|x86.Build.0 = Debug|Any CPU
		{C99CF600-A5DB-4CF2-B16E-7688C8CEAE3D}.Release|Any CPU.ActiveCfg = Release|Any CPU
		{C99CF600-A5DB-4CF2-B16E-7688C8CEAE3D}.Release|Any CPU.Build.0 = Release|Any CPU
		{C99CF600-A5DB-4CF2-B16E-7688C8CEAE3D}.Release|ARM.ActiveCfg = Release|Any CPU
		{C99CF600-A5DB-4CF2-B16E-7688C8CEAE3D}.Release|ARM.Build.0 = Release|Any CPU
		{C99CF600-A5DB-4CF2-B16E-7688C8CEAE3D}.Release|x64.ActiveCfg = Release|Any CPU
		{C99CF600-A5DB-4CF2-B16E-7688C8CEAE3D}.Release|x64.Build.0 = Release|Any CPU
		{C99CF600-A5DB-4CF2-B16E-7688C8CEAE3D}.Release|x86.ActiveCfg = Release|Any CPU
		{C99CF600-A5DB-4CF2-B16E-7688C8CEAE3D}.Release|x86.Build.0 = Release|Any CPU
		{B9F3D5B6-8FF9-491B-8CE3-BD014885BBA9}.Debug|Any CPU.ActiveCfg = Debug|Any CPU
		{B9F3D5B6-8FF9-491B-8CE3-BD014885BBA9}.Debug|Any CPU.Build.0 = Debug|Any CPU
		{B9F3D5B6-8FF9-491B-8CE3-BD014885BBA9}.Debug|ARM.ActiveCfg = Debug|Any CPU
		{B9F3D5B6-8FF9-491B-8CE3-BD014885BBA9}.Debug|ARM.Build.0 = Debug|Any CPU
		{B9F3D5B6-8FF9-491B-8CE3-BD014885BBA9}.Debug|x64.ActiveCfg = Debug|Any CPU
		{B9F3D5B6-8FF9-491B-8CE3-BD014885BBA9}.Debug|x64.Build.0 = Debug|Any CPU
		{B9F3D5B6-8FF9-491B-8CE3-BD014885BBA9}.Debug|x86.ActiveCfg = Debug|Any CPU
		{B9F3D5B6-8FF9-491B-8CE3-BD014885BBA9}.Debug|x86.Build.0 = Debug|Any CPU
		{B9F3D5B6-8FF9-491B-8CE3-BD014885BBA9}.Release|Any CPU.ActiveCfg = Release|Any CPU
		{B9F3D5B6-8FF9-491B-8CE3-BD014885BBA9}.Release|Any CPU.Build.0 = Release|Any CPU
		{B9F3D5B6-8FF9-491B-8CE3-BD014885BBA9}.Release|ARM.ActiveCfg = Release|Any CPU
		{B9F3D5B6-8FF9-491B-8CE3-BD014885BBA9}.Release|ARM.Build.0 = Release|Any CPU
		{B9F3D5B6-8FF9-491B-8CE3-BD014885BBA9}.Release|x64.ActiveCfg = Release|Any CPU
		{B9F3D5B6-8FF9-491B-8CE3-BD014885BBA9}.Release|x64.Build.0 = Release|Any CPU
		{B9F3D5B6-8FF9-491B-8CE3-BD014885BBA9}.Release|x86.ActiveCfg = Release|Any CPU
		{B9F3D5B6-8FF9-491B-8CE3-BD014885BBA9}.Release|x86.Build.0 = Release|Any CPU
		{8B8EB6C4-78BC-442D-86B1-3E8E09DCF21F}.Debug|Any CPU.ActiveCfg = Debug|Any CPU
		{8B8EB6C4-78BC-442D-86B1-3E8E09DCF21F}.Debug|Any CPU.Build.0 = Debug|Any CPU
		{8B8EB6C4-78BC-442D-86B1-3E8E09DCF21F}.Debug|ARM.ActiveCfg = Debug|Any CPU
		{8B8EB6C4-78BC-442D-86B1-3E8E09DCF21F}.Debug|ARM.Build.0 = Debug|Any CPU
		{8B8EB6C4-78BC-442D-86B1-3E8E09DCF21F}.Debug|x64.ActiveCfg = Debug|Any CPU
		{8B8EB6C4-78BC-442D-86B1-3E8E09DCF21F}.Debug|x64.Build.0 = Debug|Any CPU
		{8B8EB6C4-78BC-442D-86B1-3E8E09DCF21F}.Debug|x86.ActiveCfg = Debug|Any CPU
		{8B8EB6C4-78BC-442D-86B1-3E8E09DCF21F}.Debug|x86.Build.0 = Debug|Any CPU
		{8B8EB6C4-78BC-442D-86B1-3E8E09DCF21F}.Release|Any CPU.ActiveCfg = Release|Any CPU
		{8B8EB6C4-78BC-442D-86B1-3E8E09DCF21F}.Release|Any CPU.Build.0 = Release|Any CPU
		{8B8EB6C4-78BC-442D-86B1-3E8E09DCF21F}.Release|ARM.ActiveCfg = Release|Any CPU
		{8B8EB6C4-78BC-442D-86B1-3E8E09DCF21F}.Release|ARM.Build.0 = Release|Any CPU
		{8B8EB6C4-78BC-442D-86B1-3E8E09DCF21F}.Release|x64.ActiveCfg = Release|Any CPU
		{8B8EB6C4-78BC-442D-86B1-3E8E09DCF21F}.Release|x64.Build.0 = Release|Any CPU
		{8B8EB6C4-78BC-442D-86B1-3E8E09DCF21F}.Release|x86.ActiveCfg = Release|Any CPU
		{8B8EB6C4-78BC-442D-86B1-3E8E09DCF21F}.Release|x86.Build.0 = Release|Any CPU
		{B8380D73-626A-42F1-AA73-741540F57F02}.Debug|Any CPU.ActiveCfg = Debug|x64
		{B8380D73-626A-42F1-AA73-741540F57F02}.Debug|Any CPU.Build.0 = Debug|x64
		{B8380D73-626A-42F1-AA73-741540F57F02}.Debug|ARM.ActiveCfg = Debug|ARM
		{B8380D73-626A-42F1-AA73-741540F57F02}.Debug|ARM.Build.0 = Debug|ARM
		{B8380D73-626A-42F1-AA73-741540F57F02}.Debug|ARM.Deploy.0 = Debug|ARM
		{B8380D73-626A-42F1-AA73-741540F57F02}.Debug|x64.ActiveCfg = Debug|x64
		{B8380D73-626A-42F1-AA73-741540F57F02}.Debug|x64.Build.0 = Debug|x64
		{B8380D73-626A-42F1-AA73-741540F57F02}.Debug|x64.Deploy.0 = Debug|x64
		{B8380D73-626A-42F1-AA73-741540F57F02}.Debug|x86.ActiveCfg = Debug|x86
		{B8380D73-626A-42F1-AA73-741540F57F02}.Debug|x86.Build.0 = Debug|x86
		{B8380D73-626A-42F1-AA73-741540F57F02}.Debug|x86.Deploy.0 = Debug|x86
		{B8380D73-626A-42F1-AA73-741540F57F02}.Release|Any CPU.ActiveCfg = Release|x64
		{B8380D73-626A-42F1-AA73-741540F57F02}.Release|Any CPU.Build.0 = Release|x64
		{B8380D73-626A-42F1-AA73-741540F57F02}.Release|ARM.ActiveCfg = Release|ARM
		{B8380D73-626A-42F1-AA73-741540F57F02}.Release|ARM.Build.0 = Release|ARM
		{B8380D73-626A-42F1-AA73-741540F57F02}.Release|ARM.Deploy.0 = Release|ARM
		{B8380D73-626A-42F1-AA73-741540F57F02}.Release|x64.ActiveCfg = Release|x64
		{B8380D73-626A-42F1-AA73-741540F57F02}.Release|x64.Build.0 = Release|x64
		{B8380D73-626A-42F1-AA73-741540F57F02}.Release|x64.Deploy.0 = Release|x64
		{B8380D73-626A-42F1-AA73-741540F57F02}.Release|x86.ActiveCfg = Release|x86
		{B8380D73-626A-42F1-AA73-741540F57F02}.Release|x86.Build.0 = Release|x86
		{B8380D73-626A-42F1-AA73-741540F57F02}.Release|x86.Deploy.0 = Release|x86
		{491EF845-625A-4535-932C-BC2B8B15FC94}.Debug|Any CPU.ActiveCfg = Debug|Any CPU
		{491EF845-625A-4535-932C-BC2B8B15FC94}.Debug|Any CPU.Build.0 = Debug|Any CPU
		{491EF845-625A-4535-932C-BC2B8B15FC94}.Debug|ARM.ActiveCfg = Debug|Any CPU
		{491EF845-625A-4535-932C-BC2B8B15FC94}.Debug|ARM.Build.0 = Debug|Any CPU
		{491EF845-625A-4535-932C-BC2B8B15FC94}.Debug|x64.ActiveCfg = Debug|Any CPU
		{491EF845-625A-4535-932C-BC2B8B15FC94}.Debug|x64.Build.0 = Debug|Any CPU
		{491EF845-625A-4535-932C-BC2B8B15FC94}.Debug|x86.ActiveCfg = Debug|Any CPU
		{491EF845-625A-4535-932C-BC2B8B15FC94}.Debug|x86.Build.0 = Debug|Any CPU
		{491EF845-625A-4535-932C-BC2B8B15FC94}.Release|Any CPU.ActiveCfg = Release|Any CPU
		{491EF845-625A-4535-932C-BC2B8B15FC94}.Release|Any CPU.Build.0 = Release|Any CPU
		{491EF845-625A-4535-932C-BC2B8B15FC94}.Release|ARM.ActiveCfg = Release|Any CPU
		{491EF845-625A-4535-932C-BC2B8B15FC94}.Release|ARM.Build.0 = Release|Any CPU
		{491EF845-625A-4535-932C-BC2B8B15FC94}.Release|x64.ActiveCfg = Release|Any CPU
		{491EF845-625A-4535-932C-BC2B8B15FC94}.Release|x64.Build.0 = Release|Any CPU
		{491EF845-625A-4535-932C-BC2B8B15FC94}.Release|x86.ActiveCfg = Release|Any CPU
		{491EF845-625A-4535-932C-BC2B8B15FC94}.Release|x86.Build.0 = Release|Any CPU
		{D8AA6017-594D-4616-907B-B450A5D2FCB9}.Debug|Any CPU.ActiveCfg = Debug|Any CPU
		{D8AA6017-594D-4616-907B-B450A5D2FCB9}.Debug|Any CPU.Build.0 = Debug|Any CPU
		{D8AA6017-594D-4616-907B-B450A5D2FCB9}.Debug|ARM.ActiveCfg = Debug|Any CPU
		{D8AA6017-594D-4616-907B-B450A5D2FCB9}.Debug|ARM.Build.0 = Debug|Any CPU
		{D8AA6017-594D-4616-907B-B450A5D2FCB9}.Debug|x64.ActiveCfg = Debug|Any CPU
		{D8AA6017-594D-4616-907B-B450A5D2FCB9}.Debug|x64.Build.0 = Debug|Any CPU
		{D8AA6017-594D-4616-907B-B450A5D2FCB9}.Debug|x86.ActiveCfg = Debug|Any CPU
		{D8AA6017-594D-4616-907B-B450A5D2FCB9}.Debug|x86.Build.0 = Debug|Any CPU
		{D8AA6017-594D-4616-907B-B450A5D2FCB9}.Release|Any CPU.ActiveCfg = Release|Any CPU
		{D8AA6017-594D-4616-907B-B450A5D2FCB9}.Release|Any CPU.Build.0 = Release|Any CPU
		{D8AA6017-594D-4616-907B-B450A5D2FCB9}.Release|ARM.ActiveCfg = Release|Any CPU
		{D8AA6017-594D-4616-907B-B450A5D2FCB9}.Release|ARM.Build.0 = Release|Any CPU
		{D8AA6017-594D-4616-907B-B450A5D2FCB9}.Release|x64.ActiveCfg = Release|Any CPU
		{D8AA6017-594D-4616-907B-B450A5D2FCB9}.Release|x64.Build.0 = Release|Any CPU
		{D8AA6017-594D-4616-907B-B450A5D2FCB9}.Release|x86.ActiveCfg = Release|Any CPU
		{D8AA6017-594D-4616-907B-B450A5D2FCB9}.Release|x86.Build.0 = Release|Any CPU
		{D14F6AB2-9420-44EF-9DCD-4DBA104742DB}.Debug|Any CPU.ActiveCfg = Debug|Any CPU
		{D14F6AB2-9420-44EF-9DCD-4DBA104742DB}.Debug|Any CPU.Build.0 = Debug|Any CPU
		{D14F6AB2-9420-44EF-9DCD-4DBA104742DB}.Debug|ARM.ActiveCfg = Debug|ARM
		{D14F6AB2-9420-44EF-9DCD-4DBA104742DB}.Debug|ARM.Build.0 = Debug|ARM
		{D14F6AB2-9420-44EF-9DCD-4DBA104742DB}.Debug|x64.ActiveCfg = Debug|x64
		{D14F6AB2-9420-44EF-9DCD-4DBA104742DB}.Debug|x64.Build.0 = Debug|x64
		{D14F6AB2-9420-44EF-9DCD-4DBA104742DB}.Debug|x86.ActiveCfg = Debug|x86
		{D14F6AB2-9420-44EF-9DCD-4DBA104742DB}.Debug|x86.Build.0 = Debug|x86
		{D14F6AB2-9420-44EF-9DCD-4DBA104742DB}.Release|Any CPU.ActiveCfg = Release|Any CPU
		{D14F6AB2-9420-44EF-9DCD-4DBA104742DB}.Release|Any CPU.Build.0 = Release|Any CPU
		{D14F6AB2-9420-44EF-9DCD-4DBA104742DB}.Release|ARM.ActiveCfg = Release|ARM
		{D14F6AB2-9420-44EF-9DCD-4DBA104742DB}.Release|ARM.Build.0 = Release|ARM
		{D14F6AB2-9420-44EF-9DCD-4DBA104742DB}.Release|x64.ActiveCfg = Release|x64
		{D14F6AB2-9420-44EF-9DCD-4DBA104742DB}.Release|x64.Build.0 = Release|x64
		{D14F6AB2-9420-44EF-9DCD-4DBA104742DB}.Release|x86.ActiveCfg = Release|x86
		{D14F6AB2-9420-44EF-9DCD-4DBA104742DB}.Release|x86.Build.0 = Release|x86
		{C61ED77D-01B3-478A-9161-9EE20191EBFE}.Debug|Any CPU.ActiveCfg = Debug|Any CPU
		{C61ED77D-01B3-478A-9161-9EE20191EBFE}.Debug|Any CPU.Build.0 = Debug|Any CPU
		{C61ED77D-01B3-478A-9161-9EE20191EBFE}.Debug|ARM.ActiveCfg = Debug|Any CPU
		{C61ED77D-01B3-478A-9161-9EE20191EBFE}.Debug|ARM.Build.0 = Debug|Any CPU
		{C61ED77D-01B3-478A-9161-9EE20191EBFE}.Debug|x64.ActiveCfg = Debug|Any CPU
		{C61ED77D-01B3-478A-9161-9EE20191EBFE}.Debug|x64.Build.0 = Debug|Any CPU
		{C61ED77D-01B3-478A-9161-9EE20191EBFE}.Debug|x86.ActiveCfg = Debug|Any CPU
		{C61ED77D-01B3-478A-9161-9EE20191EBFE}.Debug|x86.Build.0 = Debug|Any CPU
		{C61ED77D-01B3-478A-9161-9EE20191EBFE}.Release|Any CPU.ActiveCfg = Release|Any CPU
		{C61ED77D-01B3-478A-9161-9EE20191EBFE}.Release|Any CPU.Build.0 = Release|Any CPU
		{C61ED77D-01B3-478A-9161-9EE20191EBFE}.Release|ARM.ActiveCfg = Release|Any CPU
		{C61ED77D-01B3-478A-9161-9EE20191EBFE}.Release|ARM.Build.0 = Release|Any CPU
		{C61ED77D-01B3-478A-9161-9EE20191EBFE}.Release|x64.ActiveCfg = Release|Any CPU
		{C61ED77D-01B3-478A-9161-9EE20191EBFE}.Release|x64.Build.0 = Release|Any CPU
		{C61ED77D-01B3-478A-9161-9EE20191EBFE}.Release|x86.ActiveCfg = Release|Any CPU
		{C61ED77D-01B3-478A-9161-9EE20191EBFE}.Release|x86.Build.0 = Release|Any CPU
		{E01DD569-32A6-46F7-8FB8-C5FF4378369E}.Debug|Any CPU.ActiveCfg = Debug|Any CPU
		{E01DD569-32A6-46F7-8FB8-C5FF4378369E}.Debug|Any CPU.Build.0 = Debug|Any CPU
		{E01DD569-32A6-46F7-8FB8-C5FF4378369E}.Debug|ARM.ActiveCfg = Debug|Any CPU
		{E01DD569-32A6-46F7-8FB8-C5FF4378369E}.Debug|ARM.Build.0 = Debug|Any CPU
		{E01DD569-32A6-46F7-8FB8-C5FF4378369E}.Debug|x64.ActiveCfg = Debug|Any CPU
		{E01DD569-32A6-46F7-8FB8-C5FF4378369E}.Debug|x64.Build.0 = Debug|Any CPU
		{E01DD569-32A6-46F7-8FB8-C5FF4378369E}.Debug|x86.ActiveCfg = Debug|Any CPU
		{E01DD569-32A6-46F7-8FB8-C5FF4378369E}.Debug|x86.Build.0 = Debug|Any CPU
		{E01DD569-32A6-46F7-8FB8-C5FF4378369E}.Release|Any CPU.ActiveCfg = Release|Any CPU
		{E01DD569-32A6-46F7-8FB8-C5FF4378369E}.Release|Any CPU.Build.0 = Release|Any CPU
		{E01DD569-32A6-46F7-8FB8-C5FF4378369E}.Release|ARM.ActiveCfg = Release|Any CPU
		{E01DD569-32A6-46F7-8FB8-C5FF4378369E}.Release|ARM.Build.0 = Release|Any CPU
		{E01DD569-32A6-46F7-8FB8-C5FF4378369E}.Release|x64.ActiveCfg = Release|Any CPU
		{E01DD569-32A6-46F7-8FB8-C5FF4378369E}.Release|x64.Build.0 = Release|Any CPU
		{E01DD569-32A6-46F7-8FB8-C5FF4378369E}.Release|x86.ActiveCfg = Release|Any CPU
		{E01DD569-32A6-46F7-8FB8-C5FF4378369E}.Release|x86.Build.0 = Release|Any CPU
		{6EC087B5-B17C-45A7-BF50-3F936B210A41}.Debug|Any CPU.ActiveCfg = Debug|Any CPU
		{6EC087B5-B17C-45A7-BF50-3F936B210A41}.Debug|Any CPU.Build.0 = Debug|Any CPU
		{6EC087B5-B17C-45A7-BF50-3F936B210A41}.Debug|ARM.ActiveCfg = Debug|Any CPU
		{6EC087B5-B17C-45A7-BF50-3F936B210A41}.Debug|ARM.Build.0 = Debug|Any CPU
		{6EC087B5-B17C-45A7-BF50-3F936B210A41}.Debug|x64.ActiveCfg = Debug|Any CPU
		{6EC087B5-B17C-45A7-BF50-3F936B210A41}.Debug|x64.Build.0 = Debug|Any CPU
		{6EC087B5-B17C-45A7-BF50-3F936B210A41}.Debug|x86.ActiveCfg = Debug|Any CPU
		{6EC087B5-B17C-45A7-BF50-3F936B210A41}.Debug|x86.Build.0 = Debug|Any CPU
		{6EC087B5-B17C-45A7-BF50-3F936B210A41}.Release|Any CPU.ActiveCfg = Release|Any CPU
		{6EC087B5-B17C-45A7-BF50-3F936B210A41}.Release|Any CPU.Build.0 = Release|Any CPU
		{6EC087B5-B17C-45A7-BF50-3F936B210A41}.Release|ARM.ActiveCfg = Release|Any CPU
		{6EC087B5-B17C-45A7-BF50-3F936B210A41}.Release|ARM.Build.0 = Release|Any CPU
		{6EC087B5-B17C-45A7-BF50-3F936B210A41}.Release|x64.ActiveCfg = Release|Any CPU
		{6EC087B5-B17C-45A7-BF50-3F936B210A41}.Release|x64.Build.0 = Release|Any CPU
		{6EC087B5-B17C-45A7-BF50-3F936B210A41}.Release|x86.ActiveCfg = Release|Any CPU
		{6EC087B5-B17C-45A7-BF50-3F936B210A41}.Release|x86.Build.0 = Release|Any CPU
	EndGlobalSection
	GlobalSection(SolutionProperties) = preSolution
		HideSolutionNode = FALSE
	EndGlobalSection
	GlobalSection(NestedProjects) = preSolution
		{492263E1-7372-47C4-BD57-14A70BB028F0} = {0D80F141-D37F-4354-959F-15C3AF0FF701}
		{77928F8C-A708-4C49-B6E2-772256E75E4D} = {0D80F141-D37F-4354-959F-15C3AF0FF701}
		{27F8E96F-59E0-4980-9790-F436C9532BA0} = {0D80F141-D37F-4354-959F-15C3AF0FF701}
		{C24CF080-EAAE-4F62-9A1B-E6F03421FB0C} = {2585663B-1557-4E4C-A020-19FF5FE94D4F}
		{C99CF600-A5DB-4CF2-B16E-7688C8CEAE3D} = {0D80F141-D37F-4354-959F-15C3AF0FF701}
		{B9F3D5B6-8FF9-491B-8CE3-BD014885BBA9} = {0D80F141-D37F-4354-959F-15C3AF0FF701}
		{8B8EB6C4-78BC-442D-86B1-3E8E09DCF21F} = {0D80F141-D37F-4354-959F-15C3AF0FF701}
		{B8380D73-626A-42F1-AA73-741540F57F02} = {0D80F141-D37F-4354-959F-15C3AF0FF701}
		{491EF845-625A-4535-932C-BC2B8B15FC94} = {0D80F141-D37F-4354-959F-15C3AF0FF701}
		{6EC087B5-B17C-45A7-BF50-3F936B210A41} = {0D80F141-D37F-4354-959F-15C3AF0FF701}
	EndGlobalSection
EndGlobal
